
Microsoft Visual Studio Solution File, Format Version 12.00
# Visual Studio Version 17
VisualStudioVersion = 17.2.32519.379
MinimumVisualStudioVersion = 10.0.40219.1
Project("{FAE04EC0-301F-11D3-BF4B-00C04F79EFBC}") = "Student", "Student.csproj", "{6C370942-774A-4C41-BE47-CF5DD04CF9A4}"
EndProject
Global
	GlobalSection(SolutionConfigurationPlatforms) = preSolution
		Debug|Any CPU = Debug|Any CPU
		Release|Any CPU = Release|Any CPU
	EndGlobalSection
	GlobalSection(ProjectConfigurationPlatforms) = postSolution
		{6C370942-774A-4C41-BE47-CF5DD04CF9A4}.Debug|Any CPU.ActiveCfg = Debug|Any CPU
		{6C370942-774A-4C41-BE47-CF5DD04CF9A4}.Debug|Any CPU.Build.0 = Debug|Any CPU
		{6C370942-774A-4C41-BE47-CF5DD04CF9A4}.Release|Any CPU.ActiveCfg = Release|Any CPU
		{6C370942-774A-4C41-BE47-CF5DD04CF9A4}.Release|Any CPU.Build.0 = Release|Any CPU
	EndGlobalSection
	GlobalSection(SolutionProperties) = preSolution
		HideSolutionNode = FALSE
	EndGlobalSection
	GlobalSection(ExtensibilityGlobals) = postSolution
		SolutionGuid = {358BE6D8-4DA3-48CA-9406-619AB9ED3CD1}
	EndGlobalSection
EndGlobal
