
Microsoft Visual Studio Solution File, Format Version 12.00
# Visual Studio Version 17
VisualStudioVersion = 17.14.36414.22 d17.14
MinimumVisualStudioVersion = 10.0.40219.1
Project("{FAE04EC0-301F-11D3-BF4B-00C04F79EFBC}") = "phao", "phao\phao.csproj", "{48C76FA0-82FB-4A75-B38E-6B38B14EA28B}"
EndProject
Global
	GlobalSection(SolutionConfigurationPlatforms) = preSolution
		Debug|Any CPU = Debug|Any CPU
		Release|Any CPU = Release|Any CPU
	EndGlobalSection
	GlobalSection(ProjectConfigurationPlatforms) = postSolution
		{48C76FA0-82FB-4A75-B38E-6B38B14EA28B}.Debug|Any CPU.ActiveCfg = Debug|Any CPU
		{48C76FA0-82FB-4A75-B38E-6B38B14EA28B}.Debug|Any CPU.Build.0 = Debug|Any CPU
		{48C76FA0-82FB-4A75-B38E-6B38B14EA28B}.Release|Any CPU.ActiveCfg = Release|Any CPU
		{48C76FA0-82FB-4A75-B38E-6B38B14EA28B}.Release|Any CPU.Build.0 = Release|Any CPU
	EndGlobalSection
	GlobalSection(SolutionProperties) = preSolution
		HideSolutionNode = FALSE
	EndGlobalSection
	GlobalSection(ExtensibilityGlobals) = postSolution
		SolutionGuid = {FFA92800-5AAE-4F4E-8BE8-FAF288B17077}
	EndGlobalSection
EndGlobal
